
Microsoft Visual Studio Solution File, Format Version 12.00
# Visual Studio Version 17
VisualStudioVersion = 17.6.33801.468
MinimumVisualStudioVersion = 10.0.40219.1
Project("{9A19103F-16F7-4668-BE54-9A1E7A4F7556}") = "user_server", "user_server\user_server.csproj", "{A23FA16A-6556-4841-84E9-7645DA6A9C07}"
EndProject
Project("{9A19103F-16F7-4668-BE54-9A1E7A4F7556}") = "network", "network\network.csproj", "{6B628BBA-94AC-4547-8D55-B4733D68E633}"
EndProject
Project("{9A19103F-16F7-4668-BE54-9A1E7A4F7556}") = "game_server", "game_server\game_server.csproj", "{D9326058-CA01-475A-A255-6177730E2611}"
EndProject
Project("{9A19103F-16F7-4668-BE54-9A1E7A4F7556}") = "ops_server", "ops_server\ops_server.csproj", "{E4A1B2C3-D5E6-F7A8-B9C0-D1E2F3A4B5C6}"
EndProject
Project("{2150E333-8FDC-42A3-9474-1A3956D46DE8}") = "Manitto", "Manitto", "{2AEF1E16-C02C-484E-B40C-1AE915D8C6A4}"
EndProject
Project("{FAE04EC0-301F-11D3-BF4B-00C04F79EFBC}") = "demo_regression_tests", "demo_regression_tests\demo_regression_tests.csproj", "{F97CC373-28BC-4F10-813F-FA361F3DDD72}"
EndProject
Project("{FAE04EC0-301F-11D3-BF4B-00C04F79EFBC}") = "standalone_server", "standalone_server\standalone_server.csproj", "{63B524EB-275B-4531-A0BA-0973684D76B4}"
EndProject
Global
	GlobalSection(SolutionConfigurationPlatforms) = preSolution
		Debug|Any CPU = Debug|Any CPU
		Debug|x64 = Debug|x64
		Debug|x86 = Debug|x86
		Release|Any CPU = Release|Any CPU
		Release|x64 = Release|x64
		Release|x86 = Release|x86
	EndGlobalSection
	GlobalSection(ProjectConfigurationPlatforms) = postSolution
		{A23FA16A-6556-4841-84E9-7645DA6A9C07}.Debug|Any CPU.ActiveCfg = Debug|Any CPU
		{A23FA16A-6556-4841-84E9-7645DA6A9C07}.Debug|Any CPU.Build.0 = Debug|Any CPU
		{A23FA16A-6556-4841-84E9-7645DA6A9C07}.Debug|x64.ActiveCfg = Debug|Any CPU
		{A23FA16A-6556-4841-84E9-7645DA6A9C07}.Debug|x64.Build.0 = Debug|Any CPU
		{A23FA16A-6556-4841-84E9-7645DA6A9C07}.Debug|x86.ActiveCfg = Debug|Any CPU
		{A23FA16A-6556-4841-84E9-7645DA6A9C07}.Debug|x86.Build.0 = Debug|Any CPU
		{A23FA16A-6556-4841-84E9-7645DA6A9C07}.Release|Any CPU.ActiveCfg = Release|Any CPU
		{A23FA16A-6556-4841-84E9-7645DA6A9C07}.Release|Any CPU.Build.0 = Release|Any CPU
		{A23FA16A-6556-4841-84E9-7645DA6A9C07}.Release|x64.ActiveCfg = Release|Any CPU
		{A23FA16A-6556-4841-84E9-7645DA6A9C07}.Release|x64.Build.0 = Release|Any CPU
		{A23FA16A-6556-4841-84E9-7645DA6A9C07}.Release|x86.ActiveCfg = Release|Any CPU
		{A23FA16A-6556-4841-84E9-7645DA6A9C07}.Release|x86.Build.0 = Release|Any CPU
		{6B628BBA-94AC-4547-8D55-B4733D68E633}.Debug|Any CPU.ActiveCfg = Debug|Any CPU
		{6B628BBA-94AC-4547-8D55-B4733D68E633}.Debug|Any CPU.Build.0 = Debug|Any CPU
		{6B628BBA-94AC-4547-8D55-B4733D68E633}.Debug|x64.ActiveCfg = Debug|Any CPU
		{6B628BBA-94AC-4547-8D55-B4733D68E633}.Debug|x64.Build.0 = Debug|Any CPU
		{6B628BBA-94AC-4547-8D55-B4733D68E633}.Debug|x86.ActiveCfg = Debug|Any CPU
		{6B628BBA-94AC-4547-8D55-B4733D68E633}.Debug|x86.Build.0 = Debug|Any CPU
		{6B628BBA-94AC-4547-8D55-B4733D68E633}.Release|Any CPU.ActiveCfg = Release|Any CPU
		{6B628BBA-94AC-4547-8D55-B4733D68E633}.Release|Any CPU.Build.0 = Release|Any CPU
		{6B628BBA-94AC-4547-8D55-B4733D68E633}.Release|x64.ActiveCfg = Release|Any CPU
		{6B628BBA-94AC-4547-8D55-B4733D68E633}.Release|x64.Build.0 = Release|Any CPU
		{6B628BBA-94AC-4547-8D55-B4733D68E633}.Release|x86.ActiveCfg = Release|Any CPU
		{6B628BBA-94AC-4547-8D55-B4733D68E633}.Release|x86.Build.0 = Release|Any CPU
		{D9326058-CA01-475A-A255-6177730E2611}.Debug|Any CPU.ActiveCfg = Debug|Any CPU
		{D9326058-CA01-475A-A255-6177730E2611}.Debug|Any CPU.Build.0 = Debug|Any CPU
		{D9326058-CA01-475A-A255-6177730E2611}.Debug|x64.ActiveCfg = Debug|Any CPU
		{D9326058-CA01-475A-A255-6177730E2611}.Debug|x64.Build.0 = Debug|Any CPU
		{D9326058-CA01-475A-A255-6177730E2611}.Debug|x86.ActiveCfg = Debug|Any CPU
		{D9326058-CA01-475A-A255-6177730E2611}.Debug|x86.Build.0 = Debug|Any CPU
		{D9326058-CA01-475A-A255-6177730E2611}.Release|Any CPU.ActiveCfg = Release|Any CPU
		{D9326058-CA01-475A-A255-6177730E2611}.Release|Any CPU.Build.0 = Release|Any CPU
		{D9326058-CA01-475A-A255-6177730E2611}.Release|x64.ActiveCfg = Release|Any CPU
		{D9326058-CA01-475A-A255-6177730E2611}.Release|x64.Build.0 = Release|Any CPU
		{D9326058-CA01-475A-A255-6177730E2611}.Release|x86.ActiveCfg = Release|Any CPU
		{D9326058-CA01-475A-A255-6177730E2611}.Release|x86.Build.0 = Release|Any CPU
		{E4A1B2C3-D5E6-F7A8-B9C0-D1E2F3A4B5C6}.Debug|Any CPU.ActiveCfg = Debug|Any CPU
		{E4A1B2C3-D5E6-F7A8-B9C0-D1E2F3A4B5C6}.Debug|Any CPU.Build.0 = Debug|Any CPU
		{E4A1B2C3-D5E6-F7A8-B9C0-D1E2F3A4B5C6}.Debug|x64.ActiveCfg = Debug|Any CPU
		{E4A1B2C3-D5E6-F7A8-B9C0-D1E2F3A4B5C6}.Debug|x64.Build.0 = Debug|Any CPU
		{E4A1B2C3-D5E6-F7A8-B9C0-D1E2F3A4B5C6}.Debug|x86.ActiveCfg = Debug|Any CPU
		{E4A1B2C3-D5E6-F7A8-B9C0-D1E2F3A4B5C6}.Debug|x86.Build.0 = Debug|Any CPU
		{E4A1B2C3-D5E6-F7A8-B9C0-D1E2F3A4B5C6}.Release|Any CPU.ActiveCfg = Release|Any CPU
		{E4A1B2C3-D5E6-F7A8-B9C0-D1E2F3A4B5C6}.Release|Any CPU.Build.0 = Release|Any CPU
		{E4A1B2C3-D5E6-F7A8-B9C0-D1E2F3A4B5C6}.Release|x64.ActiveCfg = Release|Any CPU
		{E4A1B2C3-D5E6-F7A8-B9C0-D1E2F3A4B5C6}.Release|x64.Build.0 = Release|Any CPU
		{E4A1B2C3-D5E6-F7A8-B9C0-D1E2F3A4B5C6}.Release|x86.ActiveCfg = Release|Any CPU
		{E4A1B2C3-D5E6-F7A8-B9C0-D1E2F3A4B5C6}.Release|x86.Build.0 = Release|Any CPU
		{F97CC373-28BC-4F10-813F-FA361F3DDD72}.Debug|Any CPU.ActiveCfg = Debug|Any CPU
		{F97CC373-28BC-4F10-813F-FA361F3DDD72}.Debug|Any CPU.Build.0 = Debug|Any CPU
		{F97CC373-28BC-4F10-813F-FA361F3DDD72}.Debug|x64.ActiveCfg = Debug|Any CPU
		{F97CC373-28BC-4F10-813F-FA361F3DDD72}.Debug|x64.Build.0 = Debug|Any CPU
		{F97CC373-28BC-4F10-813F-FA361F3DDD72}.Debug|x86.ActiveCfg = Debug|Any CPU
		{F97CC373-28BC-4F10-813F-FA361F3DDD72}.Debug|x86.Build.0 = Debug|Any CPU
		{F97CC373-28BC-4F10-813F-FA361F3DDD72}.Release|Any CPU.ActiveCfg = Release|Any CPU
		{F97CC373-28BC-4F10-813F-FA361F3DDD72}.Release|Any CPU.Build.0 = Release|Any CPU
		{F97CC373-28BC-4F10-813F-FA361F3DDD72}.Release|x64.ActiveCfg = Release|Any CPU
		{F97CC373-28BC-4F10-813F-FA361F3DDD72}.Release|x64.Build.0 = Release|Any CPU
		{F97CC373-28BC-4F10-813F-FA361F3DDD72}.Release|x86.ActiveCfg = Release|Any CPU
		{F97CC373-28BC-4F10-813F-FA361F3DDD72}.Release|x86.Build.0 = Release|Any CPU
		{63B524EB-275B-4531-A0BA-0973684D76B4}.Debug|Any CPU.ActiveCfg = Debug|Any CPU
		{63B524EB-275B-4531-A0BA-0973684D76B4}.Debug|Any CPU.Build.0 = Debug|Any CPU
		{63B524EB-275B-4531-A0BA-0973684D76B4}.Debug|x64.ActiveCfg = Debug|Any CPU
		{63B524EB-275B-4531-A0BA-0973684D76B4}.Debug|x64.Build.0 = Debug|Any CPU
		{63B524EB-275B-4531-A0BA-0973684D76B4}.Debug|x86.ActiveCfg = Debug|Any CPU
		{63B524EB-275B-4531-A0BA-0973684D76B4}.Debug|x86.Build.0 = Debug|Any CPU
		{63B524EB-275B-4531-A0BA-0973684D76B4}.Release|Any CPU.ActiveCfg = Release|Any CPU
		{63B524EB-275B-4531-A0BA-0973684D76B4}.Release|Any CPU.Build.0 = Release|Any CPU
		{63B524EB-275B-4531-A0BA-0973684D76B4}.Release|x64.ActiveCfg = Release|Any CPU
		{63B524EB-275B-4531-A0BA-0973684D76B4}.Release|x64.Build.0 = Release|Any CPU
		{63B524EB-275B-4531-A0BA-0973684D76B4}.Release|x86.ActiveCfg = Release|Any CPU
		{63B524EB-275B-4531-A0BA-0973684D76B4}.Release|x86.Build.0 = Release|Any CPU
	EndGlobalSection
	GlobalSection(SolutionProperties) = preSolution
		HideSolutionNode = FALSE
	EndGlobalSection
	GlobalSection(ExtensibilityGlobals) = postSolution
		SolutionGuid = {DF8A44B0-28A8-491E-BC33-874B215C3282}
	EndGlobalSection
EndGlobal
