
Microsoft Visual Studio Solution File, Format Version 12.00
# Visual Studio Version 17
VisualStudioVersion = 17.6.33801.468
MinimumVisualStudioVersion = 10.0.40219.1
Project("{9A19103F-16F7-4668-BE54-9A1E7A4F7556}") = "server", "server\server.csproj", "{A23FA16A-6556-4841-84E9-7645DA6A9C07}"
EndProject
Project("{9A19103F-16F7-4668-BE54-9A1E7A4F7556}") = "network", "network\network.csproj", "{6B628BBA-94AC-4547-8D55-B4733D68E633}"
EndProject
Project("{9A19103F-16F7-4668-BE54-9A1E7A4F7556}") = "dummy_client", "dummy_client\dummy_client.csproj", "{36958B19-AE68-4D68-A6F2-17FCE18BEDB8}"
EndProject
Global
	GlobalSection(SolutionConfigurationPlatforms) = preSolution
		Debug|Any CPU = Debug|Any CPU
		Release|Any CPU = Release|Any CPU
	EndGlobalSection
	GlobalSection(ProjectConfigurationPlatforms) = postSolution
		{A23FA16A-6556-4841-84E9-7645DA6A9C07}.Debug|Any CPU.ActiveCfg = Debug|Any CPU
		{A23FA16A-6556-4841-84E9-7645DA6A9C07}.Debug|Any CPU.Build.0 = Debug|Any CPU
		{A23FA16A-6556-4841-84E9-7645DA6A9C07}.Release|Any CPU.ActiveCfg = Release|Any CPU
		{A23FA16A-6556-4841-84E9-7645DA6A9C07}.Release|Any CPU.Build.0 = Release|Any CPU
		{6B628BBA-94AC-4547-8D55-B4733D68E633}.Debug|Any CPU.ActiveCfg = Debug|Any CPU
		{6B628BBA-94AC-4547-8D55-B4733D68E633}.Debug|Any CPU.Build.0 = Debug|Any CPU
		{6B628BBA-94AC-4547-8D55-B4733D68E633}.Release|Any CPU.ActiveCfg = Release|Any CPU
		{6B628BBA-94AC-4547-8D55-B4733D68E633}.Release|Any CPU.Build.0 = Release|Any CPU
		{36958B19-AE68-4D68-A6F2-17FCE18BEDB8}.Debug|Any CPU.ActiveCfg = Debug|Any CPU
		{36958B19-AE68-4D68-A6F2-17FCE18BEDB8}.Debug|Any CPU.Build.0 = Debug|Any CPU
		{36958B19-AE68-4D68-A6F2-17FCE18BEDB8}.Release|Any CPU.ActiveCfg = Release|Any CPU
		{36958B19-AE68-4D68-A6F2-17FCE18BEDB8}.Release|Any CPU.Build.0 = Release|Any CPU
	EndGlobalSection
	GlobalSection(SolutionProperties) = preSolution
		HideSolutionNode = FALSE
	EndGlobalSection
	GlobalSection(ExtensibilityGlobals) = postSolution
		SolutionGuid = {DF8A44B0-28A8-491E-BC33-874B215C3282}
	EndGlobalSection
EndGlobal
