
Microsoft Visual Studio Solution File, Format Version 12.00
# Visual Studio Version 17
VisualStudioVersion = 17.6.33801.468
MinimumVisualStudioVersion = 10.0.40219.1
Project("{9A19103F-16F7-4668-BE54-9A1E7A4F7556}") = "server", "server.csproj", "{B0E084F6-A2ED-4BD9-90E1-568ADF352283}"
EndProject
Project("{FAE04EC0-301F-11D3-BF4B-00C04F79EFBC}") = "network", "..\network\network.csproj", "{E391CEA2-86A2-4CD6-9EE6-2B586127BD07}"
EndProject
Project("{FAE04EC0-301F-11D3-BF4B-00C04F79EFBC}") = "dummy_client", "..\dummy_client\dummy_client.csproj", "{3477D549-5695-4B45-8AA4-B730C58365ED}"
EndProject
Global
	GlobalSection(SolutionConfigurationPlatforms) = preSolution
		Debug|Any CPU = Debug|Any CPU
		Release|Any CPU = Release|Any CPU
	EndGlobalSection
	GlobalSection(ProjectConfigurationPlatforms) = postSolution
		{B0E084F6-A2ED-4BD9-90E1-568ADF352283}.Debug|Any CPU.ActiveCfg = Debug|Any CPU
		{B0E084F6-A2ED-4BD9-90E1-568ADF352283}.Debug|Any CPU.Build.0 = Debug|Any CPU
		{B0E084F6-A2ED-4BD9-90E1-568ADF352283}.Release|Any CPU.ActiveCfg = Release|Any CPU
		{B0E084F6-A2ED-4BD9-90E1-568ADF352283}.Release|Any CPU.Build.0 = Release|Any CPU
		{E391CEA2-86A2-4CD6-9EE6-2B586127BD07}.Debug|Any CPU.ActiveCfg = Debug|Any CPU
		{E391CEA2-86A2-4CD6-9EE6-2B586127BD07}.Debug|Any CPU.Build.0 = Debug|Any CPU
		{E391CEA2-86A2-4CD6-9EE6-2B586127BD07}.Release|Any CPU.ActiveCfg = Release|Any CPU
		{E391CEA2-86A2-4CD6-9EE6-2B586127BD07}.Release|Any CPU.Build.0 = Release|Any CPU
		{3477D549-5695-4B45-8AA4-B730C58365ED}.Debug|Any CPU.ActiveCfg = Debug|Any CPU
		{3477D549-5695-4B45-8AA4-B730C58365ED}.Debug|Any CPU.Build.0 = Debug|Any CPU
		{3477D549-5695-4B45-8AA4-B730C58365ED}.Release|Any CPU.ActiveCfg = Release|Any CPU
		{3477D549-5695-4B45-8AA4-B730C58365ED}.Release|Any CPU.Build.0 = Release|Any CPU
	EndGlobalSection
	GlobalSection(SolutionProperties) = preSolution
		HideSolutionNode = FALSE
	EndGlobalSection
	GlobalSection(ExtensibilityGlobals) = postSolution
		SolutionGuid = {DF8A44B0-28A8-491E-BC33-874B215C3282}
	EndGlobalSection
EndGlobal
